
Microsoft Visual Studio Solution File, Format Version 12.00
# Visual Studio Version 16
VisualStudioVersion = 16.0.30330.147
MinimumVisualStudioVersion = 10.0.40219.1
Project("{888888A0-9F3D-457C-B088-3A5042F75D52}") = "Basic", "Basic\Basic.pyproj", "{0D86E224-4E3B-4DF9-8D14-A20C61E7A522}"
EndProject
Global
	GlobalSection(SolutionConfigurationPlatforms) = preSolution
		Debug|Any CPU = Debug|Any CPU
		Release|Any CPU = Release|Any CPU
	EndGlobalSection
	GlobalSection(ProjectConfigurationPlatforms) = postSolution
		{0D86E224-4E3B-4DF9-8D14-A20C61E7A522}.Debug|Any CPU.ActiveCfg = Debug|Any CPU
		{0D86E224-4E3B-4DF9-8D14-A20C61E7A522}.Release|Any CPU.ActiveCfg = Release|Any CPU
	EndGlobalSection
	GlobalSection(SolutionProperties) = preSolution
		HideSolutionNode = FALSE
	EndGlobalSection
	GlobalSection(ExtensibilityGlobals) = postSolution
		SolutionGuid = {A9612735-9A16-4DAB-9635-A5C9D2D85027}
	EndGlobalSection
EndGlobal
